
Microsoft Visual Studio Solution File, Format Version 12.00
# Visual Studio Version 16
VisualStudioVersion = 16.0.30330.147
MinimumVisualStudioVersion = 10.0.40219.1
Project("{FAE04EC0-301F-11D3-BF4B-00C04F79EFBC}") = "SaaSBoostHelloWorld", "SaaSBoostHelloWorld\SaaSBoostHelloWorld.csproj", "{2345BE0B-0510-4A95-A462-7EFCA2607EB6}"
EndProject
Global
	GlobalSection(SolutionConfigurationPlatforms) = preSolution
		Debug|Any CPU = Debug|Any CPU
		Release|Any CPU = Release|Any CPU
	EndGlobalSection
	GlobalSection(ProjectConfigurationPlatforms) = postSolution
		{2345BE0B-0510-4A95-A462-7EFCA2607EB6}.Debug|Any CPU.ActiveCfg = Debug|Any CPU
		{2345BE0B-0510-4A95-A462-7EFCA2607EB6}.Debug|Any CPU.Build.0 = Debug|Any CPU
		{2345BE0B-0510-4A95-A462-7EFCA2607EB6}.Release|Any CPU.ActiveCfg = Debug|Any CPU
		{2345BE0B-0510-4A95-A462-7EFCA2607EB6}.Release|Any CPU.Build.0 = Debug|Any CPU
	EndGlobalSection
	GlobalSection(SolutionProperties) = preSolution
		HideSolutionNode = FALSE
	EndGlobalSection
	GlobalSection(ExtensibilityGlobals) = postSolution
		SolutionGuid = {C0B8E10B-D9CD-4B7C-82BE-63079468864E}
	EndGlobalSection
EndGlobal
